<?xml version="1.0" encoding="UTF-8" standalone="yes" ?>
<CodeBlocks_project_file>
	<FileVersion major="1" minor="6" />
	<Project>
		<Option title="CondoleApp" />
		<Option pch_mode="2" />
		<Option compiler="gfortran_compiler" />
		<Build>
			<Target title="Debug">
				<Option output="bin\Debug\CondoleApp" prefix_auto="1" extension_auto="1" />
				<Option object_output="obj\Debug\" />
				<Option type="1" />
				<Option compiler="gfortran_compiler" />
				<Compiler>
					<Add option="-g" />
					<Add directory="..\Flib" />
				</Compiler>
				<Linker>
					<Add library="..\Flib\libFlib.a" />
					<Add directory="..\Flib\obj\Debug" />
				</Linker>
			</Target>
			<Target title="Release">
				<Option output="bin\Release\CondoleApp" prefix_auto="1" extension_auto="1" />
				<Option object_output="obj\Release\" />
				<Option type="1" />
				<Option compiler="gfortran_compiler" />
				<Compiler>
					<Add option="-O2" />
					<Add directory="..\Flib" />
				</Compiler>
				<Linker>
					<Add option="-s" />
					<Add library="..\Flib\libFlib.a" />
					<Add directory="..\Flib\obj\Release" />
				</Linker>
			</Target>
		</Build>
		<Compiler>
			<Add option="-Wall" />
		</Compiler>
		<Unit filename="Func.f95" />
		<Unit filename="main.f95" />
		<Extensions>
			<code_completion />
			<envvars />
			<debugger />
		</Extensions>
	</Project>
</CodeBlocks_project_file>
