
Microsoft Visual Studio Solution File, Format Version 12.00
# Visual Studio Version 16
VisualStudioVersion = 16.0.29215.179
MinimumVisualStudioVersion = 10.0.40219.1
Project("{FAE04EC0-301F-11D3-BF4B-00C04F79EFBC}") = "GaussianDestribution", "GaussianDestribution\GaussianDestribution.csproj", "{8FB18D90-A80C-4AD1-B12B-AD958A2DE7A4}"
EndProject
Global
	GlobalSection(SolutionConfigurationPlatforms) = preSolution
		Debug|Any CPU = Debug|Any CPU
		Release|Any CPU = Release|Any CPU
	EndGlobalSection
	GlobalSection(ProjectConfigurationPlatforms) = postSolution
		{8FB18D90-A80C-4AD1-B12B-AD958A2DE7A4}.Debug|Any CPU.ActiveCfg = Debug|Any CPU
		{8FB18D90-A80C-4AD1-B12B-AD958A2DE7A4}.Debug|Any CPU.Build.0 = Debug|Any CPU
		{8FB18D90-A80C-4AD1-B12B-AD958A2DE7A4}.Release|Any CPU.ActiveCfg = Release|Any CPU
		{8FB18D90-A80C-4AD1-B12B-AD958A2DE7A4}.Release|Any CPU.Build.0 = Release|Any CPU
	EndGlobalSection
	GlobalSection(SolutionProperties) = preSolution
		HideSolutionNode = FALSE
	EndGlobalSection
	GlobalSection(ExtensibilityGlobals) = postSolution
		SolutionGuid = {42377304-F2BA-4C97-94DE-D9619022C7BD}
	EndGlobalSection
EndGlobal
